{
  "version": 4,
  "terraform_version": "0.12.21",
  "serial": 9,
  "lineage": "1d23a820-cde0-f631-2f4a-8596eedbd979",
  "outputs": {},
  "resources": [
    {
      "mode": "managed",
      "type": "google_compute_instance",
      "name": "default",
      "provider": "provider.google",
      "instances": [
        {
          "schema_version": 6,
          "attributes": {
            "allow_stopping_for_update": null,
            "attached_disk": [],
            "boot_disk": [
              {
                "auto_delete": true,
                "device_name": "persistent-disk-0",
                "disk_encryption_key_raw": "",
                "disk_encryption_key_sha256": "",
                "initialize_params": [
                  {
                    "image": "https://www.googleapis.com/compute/v1/projects/debian-cloud/global/images/debian-9-stretch-v20200210",
                    "labels": {},
                    "size": 10,
                    "type": "pd-standard"
                  }
                ],
                "kms_key_self_link": "",
                "mode": "READ_WRITE",
                "source": "https://www.googleapis.com/compute/v1/projects/playground-s-11-25950e/zones/us-west1-a/disks/playground-s-11-e393c5-vm-63d13bb665d91e33"
              }
            ],
            "can_ip_forward": false,
            "cpu_platform": "Intel Broadwell",
            "deletion_protection": false,
            "description": "",
            "enable_display": false,
            "guest_accelerator": [],
            "hostname": "",
            "id": "projects/playground-s-11-25950e/zones/us-west1-a/instances/playground-s-11-e393c5-vm-63d13bb665d91e33",
            "instance_id": "8730835261211743077",
            "label_fingerprint": "42WmSpB8rSM=",
            "labels": null,
            "machine_type": "f1-micro",
            "metadata": null,
            "metadata_fingerprint": "SHWqs7GYs2U=",
            "metadata_startup_script": "sudo apt-get update; sudo apt-get install -yq build-essential python-pip rsync; pip install flask",
            "min_cpu_platform": "",
            "name": "playground-s-11-e393c5-vm-63d13bb665d91e33",
            "network_interface": [
              {
                "access_config": [
                  {
                    "nat_ip": "35.185.216.246",
                    "network_tier": "PREMIUM",
                    "public_ptr_domain_name": ""
                  }
                ],
                "alias_ip_range": [],
                "name": "nic0",
                "network": "https://www.googleapis.com/compute/v1/projects/playground-s-11-25950e/global/networks/default",
                "network_ip": "10.138.0.2",
                "subnetwork": "https://www.googleapis.com/compute/v1/projects/playground-s-11-25950e/regions/us-west1/subnetworks/default",
                "subnetwork_project": "playground-s-11-25950e"
              }
            ],
            "project": "playground-s-11-25950e",
            "scheduling": [
              {
                "automatic_restart": true,
                "node_affinities": [],
                "on_host_maintenance": "MIGRATE",
                "preemptible": false
              }
            ],
            "scratch_disk": [],
            "self_link": "https://www.googleapis.com/compute/v1/projects/playground-s-11-25950e/zones/us-west1-a/instances/playground-s-11-e393c5-vm-63d13bb665d91e33",
            "service_account": [],
            "shielded_instance_config": [],
            "tags": null,
            "tags_fingerprint": "42WmSpB8rSM=",
            "timeouts": null,
            "zone": "us-west1-a"
          },
          "private": "eyJlMmJmYjczMC1lY2FhLTExZTYtOGY4OC0zNDM2M2JjN2M0YzAiOnsiY3JlYXRlIjoxMjAwMDAwMDAwMDAwLCJkZWxldGUiOjEyMDAwMDAwMDAwMDAsInVwZGF0ZSI6MTIwMDAwMDAwMDAwMH0sInNjaGVtYV92ZXJzaW9uIjoiNiJ9",
          "dependencies": [
            "random_id.instance_id"
          ]
        }
      ]
    },
    {
      "mode": "managed",
      "type": "random_id",
      "name": "instance_id",
      "provider": "provider.random",
      "instances": [
        {
          "schema_version": 0,
          "attributes": {
            "b64": "Y9E7tmXZHjM",
            "b64_std": "Y9E7tmXZHjM=",
            "b64_url": "Y9E7tmXZHjM",
            "byte_length": 8,
            "dec": "7192595734466207283",
            "hex": "63d13bb665d91e33",
            "id": "Y9E7tmXZHjM",
            "keepers": null,
            "prefix": null
          },
          "private": "bnVsbA=="
        }
      ]
    }
  ]
}
